lockfileVersion: '9.0'

settings:
  autoInstallPeers: true
  excludeLinksFromLockfile: false

importers:

  .:
    dependencies:
      react:
        specifier: ^18.3.1
        version: 18.3.1
      react-dom:
        specifier: ^18.3.1
        version: 18.3.1(react@18.3.1)
    devDependencies:
      '@rsbuild/core':
        specifier: ^1.0.13
        version: 1.0.14
      '@rsbuild/plugin-react':
        specifier: ^1.0.3
        version: 1.0.4(@rsbuild/core@1.0.14)
      '@types/react':
        specifier: ^18.3.11
        version: 18.3.11
      '@types/react-dom':
        specifier: ^18.3.1
        version: 18.3.1
      typescript:
        specifier: ^5.6.3
        version: 5.6.3

packages:

  '@module-federation/runtime-tools@0.5.1':
    resolution: {integrity: sha512-nfBedkoZ3/SWyO0hnmaxuz0R0iGPSikHZOAZ0N/dVSQaIzlffUo35B5nlC2wgWIc0JdMZfkwkjZRrnuuDIJbzg==}

  '@module-federation/runtime@0.5.1':
    resolution: {integrity: sha512-xgiMUWwGLWDrvZc9JibuEbXIbhXg6z2oUkemogSvQ4LKvrl/n0kbqP1Blk669mXzyWbqtSp6PpvNdwaE1aN5xQ==}

  '@module-federation/sdk@0.5.1':
    resolution: {integrity: sha512-exvchtjNURJJkpqjQ3/opdbfeT2wPKvrbnGnyRkrwW5o3FH1LaST1tkiNviT6OXTexGaVc2DahbdniQHVtQ7pA==}

  '@module-federation/webpack-bundler-runtime@0.5.1':
    resolution: {integrity: sha512-mMhRFH0k2VjwHt3Jol9JkUsmI/4XlrAoBG3E0o7HoyoPYv1UFOWyqAflfANcUPgbYpvqmyLzDcO+3IT36LXnrA==}

  '@rsbuild/core@1.0.14':
    resolution: {integrity: sha512-00d0DzRUK2CncKK+dHGG8AZuiXzltVzt58BbTba2AKyLHIb2nwYW4ah33sNrDAbYzdz1kPNfsWrmQvY7z71LfA==}
    engines: {node: '>=16.7.0'}
    hasBin: true

  '@rsbuild/plugin-react@1.0.4':
    resolution: {integrity: sha512-lZQPl2Ocw3mxdR8dGZNTx70iLILt/p1B4oAStDNnDCVK9mzeCzpG67IYP82KaAJ5KowXTPLRqEkF9fKr5lWPPA==}
    peerDependencies:
      '@rsbuild/core': 1.x || ^1.0.1-rc.0

  '@rspack/binding-darwin-arm64@1.0.11':
    resolution: {integrity: sha512-Kjx36rcUWz11uQjGRzktagiYcdFBo4j9xTiUH+KAm+vkXfyki+B8HgNOifmM/nxDbwBfjXbkKOqDSJu9fcZodQ==}
    cpu: [arm64]
    os: [darwin]

  '@rspack/binding-darwin-x64@1.0.11':
    resolution: {integrity: sha512-I7Rs7H972U3wGvR2nutb9YAtxlfJVgQ0xvxZbrgiOUFuzGZdKJeIhzjoLxbCPko2syMdHAKrlz0A4r2skSLiVQ==}
    cpu: [x64]
    os: [darwin]

  '@rspack/binding-linux-arm64-gnu@1.0.11':
    resolution: {integrity: sha512-Rpwklue7JYB3CuoSDiN+kWnoPIkm8su/LgbRpIS/W6KTtRNHjSoqrWsBhWTdeUQintDw3N2yzax6sI5/bOiO8A==}
    cpu: [arm64]
    os: [linux]

  '@rspack/binding-linux-arm64-musl@1.0.11':
    resolution: {integrity: sha512-FXm/Pf3lDmVKI+0llc/L08bPyJ5GIth3lJbTD0ZzGBjoUJoRFJW1ZSAAomBsl5HmjWxiky3WRV7Xc+gHMCvLwA==}
    cpu: [arm64]
    os: [linux]

  '@rspack/binding-linux-x64-gnu@1.0.11':
    resolution: {integrity: sha512-GDENmBO5bCQ+9NTZBiXcwd+NcdukShkH4z7Ye3gK3P1FCnDGAjwF8v0OzAI1ooRIhZqdvPvdOIkFFwfjQG2NyQ==}
    cpu: [x64]
    os: [linux]

  '@rspack/binding-linux-x64-musl@1.0.11':
    resolution: {integrity: sha512-iI6/WhvdyHK6awfDtDQswtH/mrGWvUyqAZ12aA9hKDOdcXD4LQt/ZQU4teHY3/+0D1qS9Vj1BjeVMqQ3FIu8gw==}
    cpu: [x64]
    os: [linux]

  '@rspack/binding-win32-arm64-msvc@1.0.11':
    resolution: {integrity: sha512-g6q0NU3FBJGyUZ+6RFTwmGsdhhtDMweLK2q+DqR0Xp6dwHbuwmMVxrhXLDsVBK6g5h7oEuOaiMfzurQPQsu+uA==}
    cpu: [arm64]
    os: [win32]

  '@rspack/binding-win32-ia32-msvc@1.0.11':
    resolution: {integrity: sha512-OzWQY1/IyxhpFprcIdU7obwWszMteSWnljPq2i/sHsmeoJfFy0arWtH0Di/riU5pDoyBHR70ffnDGDkfv5ckjA==}
    cpu: [ia32]
    os: [win32]

  '@rspack/binding-win32-x64-msvc@1.0.11':
    resolution: {integrity: sha512-r4giYIe53S8f246TV5Y6y71HjjsbpXALSm4Pbmr4yhwycqUApW46EsgBqOYAPaIht1T+PkJQLjyMjHp4uHSuEA==}
    cpu: [x64]
    os: [win32]

  '@rspack/binding@1.0.11':
    resolution: {integrity: sha512-b7tD9qTjHLqCkrW2AG85ofjL8M+Tk48qtWE7UpOQsZBDxF+ONWIiZ07gp4VE8nS96VNpBgL+GSqI/K8cmaZabA==}

  '@rspack/core@1.0.11':
    resolution: {integrity: sha512-DpBPc7kDNogjXU2m+wVbdarEY366kTrZlDHxynuBY0snpB9j03vj+R/j3VfzTL84j5fqOMTb3tcu91DlVVp3UQ==}
    engines: {node: '>=16.0.0'}
    peerDependencies:
      '@swc/helpers': '>=0.5.1'
    peerDependenciesMeta:
      '@swc/helpers':
        optional: true

  '@rspack/lite-tapable@1.0.1':
    resolution: {integrity: sha512-VynGOEsVw2s8TAlLf/uESfrgfrq2+rcXB1muPJYBWbsm1Oa6r5qVQhjA5ggM6z/coYPrsVMgovl3Ff7Q7OCp1w==}
    engines: {node: '>=16.0.0'}

  '@rspack/plugin-react-refresh@1.0.0':
    resolution: {integrity: sha512-WvXkLewW5G0Mlo5H1b251yDh5FFiH4NDAbYlFpvFjcuXX2AchZRf9zdw57BDE/ADyWsJgA8kixN/zZWBTN3iYA==}
    peerDependencies:
      react-refresh: '>=0.10.0 <1.0.0'
    peerDependenciesMeta:
      react-refresh:
        optional: true

  '@swc/helpers@0.5.13':
    resolution: {integrity: sha512-UoKGxQ3r5kYI9dALKJapMmuK+1zWM/H17Z1+iwnNmzcJRnfFuevZs375TA5rW31pu4BS4NoSy1fRsexDXfWn5w==}

  '@types/prop-types@15.7.13':
    resolution: {integrity: sha512-hCZTSvwbzWGvhqxp/RqVqwU999pBf2vp7hzIjiYOsl8wqOmUxkQ6ddw1cV3l8811+kdUFus/q4d1Y3E3SyEifA==}

  '@types/react-dom@18.3.1':
    resolution: {integrity: sha512-qW1Mfv8taImTthu4KoXgDfLuk4bydU6Q/TkADnDWWHwi4NX4BR+LWfTp2sVmTqRrsHvyDDTelgelxJ+SsejKKQ==}

  '@types/react@18.3.11':
    resolution: {integrity: sha512-r6QZ069rFTjrEYgFdOck1gK7FLVsgJE7tTz0pQBczlBNUhBNk0MQH4UbnFSwjpQLMkLzgqvBBa+qGpLje16eTQ==}

  caniuse-lite@1.0.30001668:
    resolution: {integrity: sha512-nWLrdxqCdblixUO+27JtGJJE/txpJlyUy5YN1u53wLZkP0emYCo5zgS6QYft7VUYR42LGgi/S5hdLZTrnyIddw==}

  core-js@3.38.1:
    resolution: {integrity: sha512-OP35aUorbU3Zvlx7pjsFdu1rGNnD4pgw/CWoYzRY3t2EzoVT7shKHY1dlAy3f41cGIO7ZDPQimhGFTlEYkG/Hw==}

  csstype@3.1.3:
    resolution: {integrity: sha512-M1uQkMl8rQK/szD0LNhtqxIPLpimGm8sOBwU7lLnCpSbTyY3yeU1Vc7l4KT5zT4s/yOxHH5O7tIuuLOCnLADRw==}

  error-stack-parser@2.1.4:
    resolution: {integrity: sha512-Sk5V6wVazPhq5MhpO+AUxJn5x7XSXGl1R93Vn7i+zS15KDVxQijejNCrz8340/2bgLBjR9GtEG8ZVKONDjcqGQ==}

  fsevents@2.3.3:
    resolution: {integrity: sha512-5xoDfX+fL7faATnagmWPpbFtwh/R77WmMMqqHGS65C3vvB0YHrgF+B1YmZ3441tMj5n63k0212XNoJwzlhffQw==}
    engines: {node: ^8.16.0 || ^10.6.0 || >=11.0.0}
    os: [darwin]

  html-entities@2.5.2:
    resolution: {integrity: sha512-K//PSRMQk4FZ78Kyau+mZurHn3FH0Vwr+H36eE0rPbeYkRRi9YxceYPhuN60UwWorxyKHhqoAJl2OFKa4BVtaA==}

  js-tokens@4.0.0:
    resolution: {integrity: sha512-RdJUflcE3cUzKiMqQgsCu06FPu9UdIJO0beYbPhHN4k6apgJtifcoCtT9bcxOpYBtpD2kCM6Sbzg4CausW/PKQ==}

  loose-envify@1.4.0:
    resolution: {integrity: sha512-lyuxPGr/Wfhrlem2CL/UcnUc1zcqKAImBDzukY7Y5F/yQiNdko6+fRLevlw1HgMySw7f611UIY408EtxRSoK3Q==}
    hasBin: true

  react-dom@18.3.1:
    resolution: {integrity: sha512-5m4nQKp+rZRb09LNH59GM4BxTh9251/ylbKIbpe7TpGxfJ+9kv6BLkLBXIjjspbgbnIBNqlI23tRnTWT0snUIw==}
    peerDependencies:
      react: ^18.3.1

  react-refresh@0.14.2:
    resolution: {integrity: sha512-jCvmsr+1IUSMUyzOkRcvnVbX3ZYC6g9TDrDbFuFmRDq7PD4yaGbLKNQL6k2jnArV8hjYxh7hVhAZB6s9HDGpZA==}
    engines: {node: '>=0.10.0'}

  react@18.3.1:
    resolution: {integrity: sha512-wS+hAgJShR0KhEvPJArfuPVN1+Hz1t0Y6n5jLrGQbkb4urgPE/0Rve+1kMB1v/oWgHgm4WIcV+i7F2pTVj+2iQ==}
    engines: {node: '>=0.10.0'}

  scheduler@0.23.2:
    resolution: {integrity: sha512-UOShsPwz7NrMUqhR6t0hWjFduvOzbtv7toDH1/hIrfRNIDBnnBWd0CwJTGvTpngVlmwGCdP9/Zl/tVrDqcuYzQ==}

  stackframe@1.3.4:
    resolution: {integrity: sha512-oeVtt7eWQS+Na6F//S4kJ2K2VbRlS9D43mAlMyVpVWovy9o+jfgH8O9agzANzaiLjclA0oYzUXEM4PurhSUChw==}

  tslib@2.7.0:
    resolution: {integrity: sha512-gLXCKdN1/j47AiHiOkJN69hJmcbGTHI0ImLmbYLHykhgeN0jVGola9yVjFgzCUklsZQMW55o+dW7IXv3RCXDzA==}

  typescript@5.6.3:
    resolution: {integrity: sha512-hjcS1mhfuyi4WW8IWtjP7brDrG2cuDZukyrYrSauoXGNgx0S7zceP07adYkJycEr56BOUTNPzbInooiN3fn1qw==}
    engines: {node: '>=14.17'}
    hasBin: true

snapshots:

  '@module-federation/runtime-tools@0.5.1':
    dependencies:
      '@module-federation/runtime': 0.5.1
      '@module-federation/webpack-bundler-runtime': 0.5.1

  '@module-federation/runtime@0.5.1':
    dependencies:
      '@module-federation/sdk': 0.5.1

  '@module-federation/sdk@0.5.1': {}

  '@module-federation/webpack-bundler-runtime@0.5.1':
    dependencies:
      '@module-federation/runtime': 0.5.1
      '@module-federation/sdk': 0.5.1

  '@rsbuild/core@1.0.14':
    dependencies:
      '@rspack/core': 1.0.11(@swc/helpers@0.5.13)
      '@rspack/lite-tapable': 1.0.1
      '@swc/helpers': 0.5.13
      core-js: 3.38.1
    optionalDependencies:
      fsevents: 2.3.3

  '@rsbuild/plugin-react@1.0.4(@rsbuild/core@1.0.14)':
    dependencies:
      '@rsbuild/core': 1.0.14
      '@rspack/plugin-react-refresh': 1.0.0(react-refresh@0.14.2)
      react-refresh: 0.14.2

  '@rspack/binding-darwin-arm64@1.0.11':
    optional: true

  '@rspack/binding-darwin-x64@1.0.11':
    optional: true

  '@rspack/binding-linux-arm64-gnu@1.0.11':
    optional: true

  '@rspack/binding-linux-arm64-musl@1.0.11':
    optional: true

  '@rspack/binding-linux-x64-gnu@1.0.11':
    optional: true

  '@rspack/binding-linux-x64-musl@1.0.11':
    optional: true

  '@rspack/binding-win32-arm64-msvc@1.0.11':
    optional: true

  '@rspack/binding-win32-ia32-msvc@1.0.11':
    optional: true

  '@rspack/binding-win32-x64-msvc@1.0.11':
    optional: true

  '@rspack/binding@1.0.11':
    optionalDependencies:
      '@rspack/binding-darwin-arm64': 1.0.11
      '@rspack/binding-darwin-x64': 1.0.11
      '@rspack/binding-linux-arm64-gnu': 1.0.11
      '@rspack/binding-linux-arm64-musl': 1.0.11
      '@rspack/binding-linux-x64-gnu': 1.0.11
      '@rspack/binding-linux-x64-musl': 1.0.11
      '@rspack/binding-win32-arm64-msvc': 1.0.11
      '@rspack/binding-win32-ia32-msvc': 1.0.11
      '@rspack/binding-win32-x64-msvc': 1.0.11

  '@rspack/core@1.0.11(@swc/helpers@0.5.13)':
    dependencies:
      '@module-federation/runtime-tools': 0.5.1
      '@rspack/binding': 1.0.11
      '@rspack/lite-tapable': 1.0.1
      caniuse-lite: 1.0.30001668
    optionalDependencies:
      '@swc/helpers': 0.5.13

  '@rspack/lite-tapable@1.0.1': {}

  '@rspack/plugin-react-refresh@1.0.0(react-refresh@0.14.2)':
    dependencies:
      error-stack-parser: 2.1.4
      html-entities: 2.5.2
    optionalDependencies:
      react-refresh: 0.14.2

  '@swc/helpers@0.5.13':
    dependencies:
      tslib: 2.7.0

  '@types/prop-types@15.7.13': {}

  '@types/react-dom@18.3.1':
    dependencies:
      '@types/react': 18.3.11

  '@types/react@18.3.11':
    dependencies:
      '@types/prop-types': 15.7.13
      csstype: 3.1.3

  caniuse-lite@1.0.30001668: {}

  core-js@3.38.1: {}

  csstype@3.1.3: {}

  error-stack-parser@2.1.4:
    dependencies:
      stackframe: 1.3.4

  fsevents@2.3.3:
    optional: true

  html-entities@2.5.2: {}

  js-tokens@4.0.0: {}

  loose-envify@1.4.0:
    dependencies:
      js-tokens: 4.0.0

  react-dom@18.3.1(react@18.3.1):
    dependencies:
      loose-envify: 1.4.0
      react: 18.3.1
      scheduler: 0.23.2

  react-refresh@0.14.2: {}

  react@18.3.1:
    dependencies:
      loose-envify: 1.4.0

  scheduler@0.23.2:
    dependencies:
      loose-envify: 1.4.0

  stackframe@1.3.4: {}

  tslib@2.7.0: {}

  typescript@5.6.3: {}
